
Microsoft Visual Studio Solution File, Format Version 12.00
# Visual Studio 14
VisualStudioVersion = 14.0.25420.1
MinimumVisualStudioVersion = 10.0.40219.1
Project("{FAE04EC0-301F-11D3-BF4B-00C04F79EFBC}") = "App51", "App51\App51\App51.csproj", "{95A7C6EC-87C3-43FA-86CF-D2BC1D22FEA5}"
EndProject
Project("{FAE04EC0-301F-11D3-BF4B-00C04F79EFBC}") = "App51.Droid", "App51\App51.Droid\App51.Droid.csproj", "{DC911569-B63E-438A-BD9B-376B7B0EA8FB}"
EndProject
Project("{FAE04EC0-301F-11D3-BF4B-00C04F79EFBC}") = "App51.iOS", "App51\App51.iOS\App51.iOS.csproj", "{AF4B4F1A-283A-401B-A0B2-3F837D35792F}"
EndProject
Project("{FAE04EC0-301F-11D3-BF4B-00C04F79EFBC}") = "App51.WinPhone", "App51\App51.WinPhone\App51.WinPhone.csproj", "{14C8F0EB-4173-433B-BCE7-EAC077C97FBA}"
EndProject
Project("{FAE04EC0-301F-11D3-BF4B-00C04F79EFBC}") = "App51.UWP", "App51\App51.UWP\App51.UWP.csproj", "{D78F33BA-C9E2-4CA7-936F-24B9C369C2D0}"
EndProject
Project("{FAE04EC0-301F-11D3-BF4B-00C04F79EFBC}") = "App51.Windows", "App51\App51.Windows\App51.Windows.csproj", "{1093A702-C6CD-4E83-9E34-7301E20C860C}"
EndProject
Global
	GlobalSection(SolutionConfigurationPlatforms) = preSolution
		Ad-Hoc|Any CPU = Ad-Hoc|Any CPU
		Ad-Hoc|ARM = Ad-Hoc|ARM
		Ad-Hoc|iPhone = Ad-Hoc|iPhone
		Ad-Hoc|iPhoneSimulator = Ad-Hoc|iPhoneSimulator
		Ad-Hoc|x64 = Ad-Hoc|x64
		Ad-Hoc|x86 = Ad-Hoc|x86
		AppStore|Any CPU = AppStore|Any CPU
		AppStore|ARM = AppStore|ARM
		AppStore|iPhone = AppStore|iPhone
		AppStore|iPhoneSimulator = AppStore|iPhoneSimulator
		AppStore|x64 = AppStore|x64
		AppStore|x86 = AppStore|x86
		Debug|Any CPU = Debug|Any CPU
		Debug|ARM = Debug|ARM
		Debug|iPhone = Debug|iPhone
		Debug|iPhoneSimulator = Debug|iPhoneSimulator
		Debug|x64 = Debug|x64
		Debug|x86 = Debug|x86
		Release|Any CPU = Release|Any CPU
		Release|ARM = Release|ARM
		Release|iPhone = Release|iPhone
		Release|iPhoneSimulator = Release|iPhoneSimulator
		Release|x64 = Release|x64
		Release|x86 = Release|x86
	EndGlobalSection
	GlobalSection(ProjectConfigurationPlatforms) = postSolution
		{95A7C6EC-87C3-43FA-86CF-D2BC1D22FEA5}.Ad-Hoc|Any CPU.ActiveCfg = Release|Any CPU
		{95A7C6EC-87C3-43FA-86CF-D2BC1D22FEA5}.Ad-Hoc|Any CPU.Build.0 = Release|Any CPU
		{95A7C6EC-87C3-43FA-86CF-D2BC1D22FEA5}.Ad-Hoc|ARM.ActiveCfg = Release|Any CPU
		{95A7C6EC-87C3-43FA-86CF-D2BC1D22FEA5}.Ad-Hoc|ARM.Build.0 = Release|Any CPU
		{95A7C6EC-87C3-43FA-86CF-D2BC1D22FEA5}.Ad-Hoc|iPhone.ActiveCfg = Release|Any CPU
		{95A7C6EC-87C3-43FA-86CF-D2BC1D22FEA5}.Ad-Hoc|iPhone.Build.0 = Release|Any CPU
		{95A7C6EC-87C3-43FA-86CF-D2BC1D22FEA5}.Ad-Hoc|iPhoneSimulator.ActiveCfg = Release|Any CPU
		{95A7C6EC-87C3-43FA-86CF-D2BC1D22FEA5}.Ad-Hoc|iPhoneSimulator.Build.0 = Release|Any CPU
		{95A7C6EC-87C3-43FA-86CF-D2BC1D22FEA5}.Ad-Hoc|x64.ActiveCfg = Release|Any CPU
		{95A7C6EC-87C3-43FA-86CF-D2BC1D22FEA5}.Ad-Hoc|x64.Build.0 = Release|Any CPU
		{95A7C6EC-87C3-43FA-86CF-D2BC1D22FEA5}.Ad-Hoc|x86.ActiveCfg = Release|Any CPU
		{95A7C6EC-87C3-43FA-86CF-D2BC1D22FEA5}.Ad-Hoc|x86.Build.0 = Release|Any CPU
		{95A7C6EC-87C3-43FA-86CF-D2BC1D22FEA5}.AppStore|Any CPU.ActiveCfg = Release|Any CPU
		{95A7C6EC-87C3-43FA-86CF-D2BC1D22FEA5}.AppStore|Any CPU.Build.0 = Release|Any CPU
		{95A7C6EC-87C3-43FA-86CF-D2BC1D22FEA5}.AppStore|ARM.ActiveCfg = Release|Any CPU
		{95A7C6EC-87C3-43FA-86CF-D2BC1D22FEA5}.AppStore|ARM.Build.0 = Release|Any CPU
		{95A7C6EC-87C3-43FA-86CF-D2BC1D22FEA5}.AppStore|iPhone.ActiveCfg = Release|Any CPU
		{95A7C6EC-87C3-43FA-86CF-D2BC1D22FEA5}.AppStore|iPhone.Build.0 = Release|Any CPU
		{95A7C6EC-87C3-43FA-86CF-D2BC1D22FEA5}.AppStore|iPhoneSimulator.ActiveCfg = Release|Any CPU
		{95A7C6EC-87C3-43FA-86CF-D2BC1D22FEA5}.AppStore|iPhoneSimulator.Build.0 = Release|Any CPU
		{95A7C6EC-87C3-43FA-86CF-D2BC1D22FEA5}.AppStore|x64.ActiveCfg = Release|Any CPU
		{95A7C6EC-87C3-43FA-86CF-D2BC1D22FEA5}.AppStore|x64.Build.0 = Release|Any CPU
		{95A7C6EC-87C3-43FA-86CF-D2BC1D22FEA5}.AppStore|x86.ActiveCfg = Release|Any CPU
		{95A7C6EC-87C3-43FA-86CF-D2BC1D22FEA5}.AppStore|x86.Build.0 = Release|Any CPU
		{95A7C6EC-87C3-43FA-86CF-D2BC1D22FEA5}.Debug|Any CPU.ActiveCfg = Debug|Any CPU
		{95A7C6EC-87C3-43FA-86CF-D2BC1D22FEA5}.Debug|Any CPU.Build.0 = Debug|Any CPU
		{95A7C6EC-87C3-43FA-86CF-D2BC1D22FEA5}.Debug|ARM.ActiveCfg = Debug|Any CPU
		{95A7C6EC-87C3-43FA-86CF-D2BC1D22FEA5}.Debug|ARM.Build.0 = Debug|Any CPU
		{95A7C6EC-87C3-43FA-86CF-D2BC1D22FEA5}.Debug|iPhone.ActiveCfg = Debug|Any CPU
		{95A7C6EC-87C3-43FA-86CF-D2BC1D22FEA5}.Debug|iPhone.Build.0 = Debug|Any CPU
		{95A7C6EC-87C3-43FA-86CF-D2BC1D22FEA5}.Debug|iPhoneSimulator.ActiveCfg = Debug|Any CPU
		{95A7C6EC-87C3-43FA-86CF-D2BC1D22FEA5}.Debug|iPhoneSimulator.Build.0 = Debug|Any CPU
		{95A7C6EC-87C3-43FA-86CF-D2BC1D22FEA5}.Debug|x64.ActiveCfg = Debug|Any CPU
		{95A7C6EC-87C3-43FA-86CF-D2BC1D22FEA5}.Debug|x64.Build.0 = Debug|Any CPU
		{95A7C6EC-87C3-43FA-86CF-D2BC1D22FEA5}.Debug|x86.ActiveCfg = Debug|Any CPU
		{95A7C6EC-87C3-43FA-86CF-D2BC1D22FEA5}.Debug|x86.Build.0 = Debug|Any CPU
		{95A7C6EC-87C3-43FA-86CF-D2BC1D22FEA5}.Release|Any CPU.ActiveCfg = Release|Any CPU
		{95A7C6EC-87C3-43FA-86CF-D2BC1D22FEA5}.Release|Any CPU.Build.0 = Release|Any CPU
		{95A7C6EC-87C3-43FA-86CF-D2BC1D22FEA5}.Release|ARM.ActiveCfg = Release|Any CPU
		{95A7C6EC-87C3-43FA-86CF-D2BC1D22FEA5}.Release|ARM.Build.0 = Release|Any CPU
		{95A7C6EC-87C3-43FA-86CF-D2BC1D22FEA5}.Release|iPhone.ActiveCfg = Release|Any CPU
		{95A7C6EC-87C3-43FA-86CF-D2BC1D22FEA5}.Release|iPhone.Build.0 = Release|Any CPU
		{95A7C6EC-87C3-43FA-86CF-D2BC1D22FEA5}.Release|iPhoneSimulator.ActiveCfg = Release|Any CPU
		{95A7C6EC-87C3-43FA-86CF-D2BC1D22FEA5}.Release|iPhoneSimulator.Build.0 = Release|Any CPU
		{95A7C6EC-87C3-43FA-86CF-D2BC1D22FEA5}.Release|x64.ActiveCfg = Release|Any CPU
		{95A7C6EC-87C3-43FA-86CF-D2BC1D22FEA5}.Release|x64.Build.0 = Release|Any CPU
		{95A7C6EC-87C3-43FA-86CF-D2BC1D22FEA5}.Release|x86.ActiveCfg = Release|Any CPU
		{95A7C6EC-87C3-43FA-86CF-D2BC1D22FEA5}.Release|x86.Build.0 = Release|Any CPU
		{DC911569-B63E-438A-BD9B-376B7B0EA8FB}.Ad-Hoc|Any CPU.ActiveCfg = Release|Any CPU
		{DC911569-B63E-438A-BD9B-376B7B0EA8FB}.Ad-Hoc|Any CPU.Build.0 = Release|Any CPU
		{DC911569-B63E-438A-BD9B-376B7B0EA8FB}.Ad-Hoc|Any CPU.Deploy.0 = Release|Any CPU
		{DC911569-B63E-438A-BD9B-376B7B0EA8FB}.Ad-Hoc|ARM.ActiveCfg = Release|Any CPU
		{DC911569-B63E-438A-BD9B-376B7B0EA8FB}.Ad-Hoc|ARM.Build.0 = Release|Any CPU
		{DC911569-B63E-438A-BD9B-376B7B0EA8FB}.Ad-Hoc|ARM.Deploy.0 = Release|Any CPU
		{DC911569-B63E-438A-BD9B-376B7B0EA8FB}.Ad-Hoc|iPhone.ActiveCfg = Release|Any CPU
		{DC911569-B63E-438A-BD9B-376B7B0EA8FB}.Ad-Hoc|iPhone.Build.0 = Release|Any CPU
		{DC911569-B63E-438A-BD9B-376B7B0EA8FB}.Ad-Hoc|iPhone.Deploy.0 = Release|Any CPU
		{DC911569-B63E-438A-BD9B-376B7B0EA8FB}.Ad-Hoc|iPhoneSimulator.ActiveCfg = Release|Any CPU
		{DC911569-B63E-438A-BD9B-376B7B0EA8FB}.Ad-Hoc|iPhoneSimulator.Build.0 = Release|Any CPU
		{DC911569-B63E-438A-BD9B-376B7B0EA8FB}.Ad-Hoc|iPhoneSimulator.Deploy.0 = Release|Any CPU
		{DC911569-B63E-438A-BD9B-376B7B0EA8FB}.Ad-Hoc|x64.ActiveCfg = Release|Any CPU
		{DC911569-B63E-438A-BD9B-376B7B0EA8FB}.Ad-Hoc|x64.Build.0 = Release|Any CPU
		{DC911569-B63E-438A-BD9B-376B7B0EA8FB}.Ad-Hoc|x64.Deploy.0 = Release|Any CPU
		{DC911569-B63E-438A-BD9B-376B7B0EA8FB}.Ad-Hoc|x86.ActiveCfg = Release|Any CPU
		{DC911569-B63E-438A-BD9B-376B7B0EA8FB}.Ad-Hoc|x86.Build.0 = Release|Any CPU
		{DC911569-B63E-438A-BD9B-376B7B0EA8FB}.Ad-Hoc|x86.Deploy.0 = Release|Any CPU
		{DC911569-B63E-438A-BD9B-376B7B0EA8FB}.AppStore|Any CPU.ActiveCfg = Release|Any CPU
		{DC911569-B63E-438A-BD9B-376B7B0EA8FB}.AppStore|Any CPU.Build.0 = Release|Any CPU
		{DC911569-B63E-438A-BD9B-376B7B0EA8FB}.AppStore|Any CPU.Deploy.0 = Release|Any CPU
		{DC911569-B63E-438A-BD9B-376B7B0EA8FB}.AppStore|ARM.ActiveCfg = Release|Any CPU
		{DC911569-B63E-438A-BD9B-376B7B0EA8FB}.AppStore|ARM.Build.0 = Release|Any CPU
		{DC911569-B63E-438A-BD9B-376B7B0EA8FB}.AppStore|ARM.Deploy.0 = Release|Any CPU
		{DC911569-B63E-438A-BD9B-376B7B0EA8FB}.AppStore|iPhone.ActiveCfg = Release|Any CPU
		{DC911569-B63E-438A-BD9B-376B7B0EA8FB}.AppStore|iPhone.Build.0 = Release|Any CPU
		{DC911569-B63E-438A-BD9B-376B7B0EA8FB}.AppStore|iPhone.Deploy.0 = Release|Any CPU
		{DC911569-B63E-438A-BD9B-376B7B0EA8FB}.AppStore|iPhoneSimulator.ActiveCfg = Release|Any CPU
		{DC911569-B63E-438A-BD9B-376B7B0EA8FB}.AppStore|iPhoneSimulator.Build.0 = Release|Any CPU
		{DC911569-B63E-438A-BD9B-376B7B0EA8FB}.AppStore|iPhoneSimulator.Deploy.0 = Release|Any CPU
		{DC911569-B63E-438A-BD9B-376B7B0EA8FB}.AppStore|x64.ActiveCfg = Release|Any CPU
		{DC911569-B63E-438A-BD9B-376B7B0EA8FB}.AppStore|x64.Build.0 = Release|Any CPU
		{DC911569-B63E-438A-BD9B-376B7B0EA8FB}.AppStore|x64.Deploy.0 = Release|Any CPU
		{DC911569-B63E-438A-BD9B-376B7B0EA8FB}.AppStore|x86.ActiveCfg = Release|Any CPU
		{DC911569-B63E-438A-BD9B-376B7B0EA8FB}.AppStore|x86.Build.0 = Release|Any CPU
		{DC911569-B63E-438A-BD9B-376B7B0EA8FB}.AppStore|x86.Deploy.0 = Release|Any CPU
		{DC911569-B63E-438A-BD9B-376B7B0EA8FB}.Debug|Any CPU.ActiveCfg = Debug|Any CPU
		{DC911569-B63E-438A-BD9B-376B7B0EA8FB}.Debug|Any CPU.Build.0 = Debug|Any CPU
		{DC911569-B63E-438A-BD9B-376B7B0EA8FB}.Debug|Any CPU.Deploy.0 = Debug|Any CPU
		{DC911569-B63E-438A-BD9B-376B7B0EA8FB}.Debug|ARM.ActiveCfg = Debug|Any CPU
		{DC911569-B63E-438A-BD9B-376B7B0EA8FB}.Debug|ARM.Build.0 = Debug|Any CPU
		{DC911569-B63E-438A-BD9B-376B7B0EA8FB}.Debug|ARM.Deploy.0 = Debug|Any CPU
		{DC911569-B63E-438A-BD9B-376B7B0EA8FB}.Debug|iPhone.ActiveCfg = Debug|Any CPU
		{DC911569-B63E-438A-BD9B-376B7B0EA8FB}.Debug|iPhone.Build.0 = Debug|Any CPU
		{DC911569-B63E-438A-BD9B-376B7B0EA8FB}.Debug|iPhone.Deploy.0 = Debug|Any CPU
		{DC911569-B63E-438A-BD9B-376B7B0EA8FB}.Debug|iPhoneSimulator.ActiveCfg = Debug|Any CPU
		{DC911569-B63E-438A-BD9B-376B7B0EA8FB}.Debug|iPhoneSimulator.Build.0 = Debug|Any CPU
		{DC911569-B63E-438A-BD9B-376B7B0EA8FB}.Debug|iPhoneSimulator.Deploy.0 = Debug|Any CPU
		{DC911569-B63E-438A-BD9B-376B7B0EA8FB}.Debug|x64.ActiveCfg = Debug|Any CPU
		{DC911569-B63E-438A-BD9B-376B7B0EA8FB}.Debug|x64.Build.0 = Debug|Any CPU
		{DC911569-B63E-438A-BD9B-376B7B0EA8FB}.Debug|x64.Deploy.0 = Debug|Any CPU
		{DC911569-B63E-438A-BD9B-376B7B0EA8FB}.Debug|x86.ActiveCfg = Debug|Any CPU
		{DC911569-B63E-438A-BD9B-376B7B0EA8FB}.Debug|x86.Build.0 = Debug|Any CPU
		{DC911569-B63E-438A-BD9B-376B7B0EA8FB}.Debug|x86.Deploy.0 = Debug|Any CPU
		{DC911569-B63E-438A-BD9B-376B7B0EA8FB}.Release|Any CPU.ActiveCfg = Release|Any CPU
		{DC911569-B63E-438A-BD9B-376B7B0EA8FB}.Release|Any CPU.Build.0 = Release|Any CPU
		{DC911569-B63E-438A-BD9B-376B7B0EA8FB}.Release|Any CPU.Deploy.0 = Release|Any CPU
		{DC911569-B63E-438A-BD9B-376B7B0EA8FB}.Release|ARM.ActiveCfg = Release|Any CPU
		{DC911569-B63E-438A-BD9B-376B7B0EA8FB}.Release|ARM.Build.0 = Release|Any CPU
		{DC911569-B63E-438A-BD9B-376B7B0EA8FB}.Release|ARM.Deploy.0 = Release|Any CPU
		{DC911569-B63E-438A-BD9B-376B7B0EA8FB}.Release|iPhone.ActiveCfg = Release|Any CPU
		{DC911569-B63E-438A-BD9B-376B7B0EA8FB}.Release|iPhone.Build.0 = Release|Any CPU
		{DC911569-B63E-438A-BD9B-376B7B0EA8FB}.Release|iPhone.Deploy.0 = Release|Any CPU
		{DC911569-B63E-438A-BD9B-376B7B0EA8FB}.Release|iPhoneSimulator.ActiveCfg = Release|Any CPU
		{DC911569-B63E-438A-BD9B-376B7B0EA8FB}.Release|iPhoneSimulator.Build.0 = Release|Any CPU
		{DC911569-B63E-438A-BD9B-376B7B0EA8FB}.Release|iPhoneSimulator.Deploy.0 = Release|Any CPU
		{DC911569-B63E-438A-BD9B-376B7B0EA8FB}.Release|x64.ActiveCfg = Release|Any CPU
		{DC911569-B63E-438A-BD9B-376B7B0EA8FB}.Release|x64.Build.0 = Release|Any CPU
		{DC911569-B63E-438A-BD9B-376B7B0EA8FB}.Release|x64.Deploy.0 = Release|Any CPU
		{DC911569-B63E-438A-BD9B-376B7B0EA8FB}.Release|x86.ActiveCfg = Release|Any CPU
		{DC911569-B63E-438A-BD9B-376B7B0EA8FB}.Release|x86.Build.0 = Release|Any CPU
		{DC911569-B63E-438A-BD9B-376B7B0EA8FB}.Release|x86.Deploy.0 = Release|Any CPU
		{AF4B4F1A-283A-401B-A0B2-3F837D35792F}.Ad-Hoc|Any CPU.ActiveCfg = Ad-Hoc|iPhone
		{AF4B4F1A-283A-401B-A0B2-3F837D35792F}.Ad-Hoc|ARM.ActiveCfg = Ad-Hoc|iPhone
		{AF4B4F1A-283A-401B-A0B2-3F837D35792F}.Ad-Hoc|iPhone.ActiveCfg = Ad-Hoc|iPhone
		{AF4B4F1A-283A-401B-A0B2-3F837D35792F}.Ad-Hoc|iPhone.Build.0 = Ad-Hoc|iPhone
		{AF4B4F1A-283A-401B-A0B2-3F837D35792F}.Ad-Hoc|iPhoneSimulator.ActiveCfg = Ad-Hoc|iPhoneSimulator
		{AF4B4F1A-283A-401B-A0B2-3F837D35792F}.Ad-Hoc|iPhoneSimulator.Build.0 = Ad-Hoc|iPhoneSimulator
		{AF4B4F1A-283A-401B-A0B2-3F837D35792F}.Ad-Hoc|x64.ActiveCfg = Ad-Hoc|iPhone
		{AF4B4F1A-283A-401B-A0B2-3F837D35792F}.Ad-Hoc|x86.ActiveCfg = Ad-Hoc|iPhone
		{AF4B4F1A-283A-401B-A0B2-3F837D35792F}.AppStore|Any CPU.ActiveCfg = AppStore|iPhone
		{AF4B4F1A-283A-401B-A0B2-3F837D35792F}.AppStore|ARM.ActiveCfg = AppStore|iPhone
		{AF4B4F1A-283A-401B-A0B2-3F837D35792F}.AppStore|iPhone.ActiveCfg = AppStore|iPhone
		{AF4B4F1A-283A-401B-A0B2-3F837D35792F}.AppStore|iPhone.Build.0 = AppStore|iPhone
		{AF4B4F1A-283A-401B-A0B2-3F837D35792F}.AppStore|iPhoneSimulator.ActiveCfg = AppStore|iPhoneSimulator
		{AF4B4F1A-283A-401B-A0B2-3F837D35792F}.AppStore|iPhoneSimulator.Build.0 = AppStore|iPhoneSimulator
		{AF4B4F1A-283A-401B-A0B2-3F837D35792F}.AppStore|x64.ActiveCfg = AppStore|iPhone
		{AF4B4F1A-283A-401B-A0B2-3F837D35792F}.AppStore|x86.ActiveCfg = AppStore|iPhone
		{AF4B4F1A-283A-401B-A0B2-3F837D35792F}.Debug|Any CPU.ActiveCfg = Debug|iPhone
		{AF4B4F1A-283A-401B-A0B2-3F837D35792F}.Debug|ARM.ActiveCfg = Debug|iPhone
		{AF4B4F1A-283A-401B-A0B2-3F837D35792F}.Debug|iPhone.ActiveCfg = Debug|iPhone
		{AF4B4F1A-283A-401B-A0B2-3F837D35792F}.Debug|iPhone.Build.0 = Debug|iPhone
		{AF4B4F1A-283A-401B-A0B2-3F837D35792F}.Debug|iPhoneSimulator.ActiveCfg = Debug|iPhoneSimulator
		{AF4B4F1A-283A-401B-A0B2-3F837D35792F}.Debug|iPhoneSimulator.Build.0 = Debug|iPhoneSimulator
		{AF4B4F1A-283A-401B-A0B2-3F837D35792F}.Debug|x64.ActiveCfg = Debug|iPhone
		{AF4B4F1A-283A-401B-A0B2-3F837D35792F}.Debug|x86.ActiveCfg = Debug|iPhone
		{AF4B4F1A-283A-401B-A0B2-3F837D35792F}.Release|Any CPU.ActiveCfg = Release|iPhone
		{AF4B4F1A-283A-401B-A0B2-3F837D35792F}.Release|ARM.ActiveCfg = Release|iPhone
		{AF4B4F1A-283A-401B-A0B2-3F837D35792F}.Release|iPhone.ActiveCfg = Release|iPhone
		{AF4B4F1A-283A-401B-A0B2-3F837D35792F}.Release|iPhone.Build.0 = Release|iPhone
		{AF4B4F1A-283A-401B-A0B2-3F837D35792F}.Release|iPhoneSimulator.ActiveCfg = Release|iPhoneSimulator
		{AF4B4F1A-283A-401B-A0B2-3F837D35792F}.Release|iPhoneSimulator.Build.0 = Release|iPhoneSimulator
		{AF4B4F1A-283A-401B-A0B2-3F837D35792F}.Release|x64.ActiveCfg = Release|iPhone
		{AF4B4F1A-283A-401B-A0B2-3F837D35792F}.Release|x86.ActiveCfg = Release|iPhone
		{14C8F0EB-4173-433B-BCE7-EAC077C97FBA}.Ad-Hoc|Any CPU.ActiveCfg = Release|Any CPU
		{14C8F0EB-4173-433B-BCE7-EAC077C97FBA}.Ad-Hoc|Any CPU.Build.0 = Release|Any CPU
		{14C8F0EB-4173-433B-BCE7-EAC077C97FBA}.Ad-Hoc|Any CPU.Deploy.0 = Release|Any CPU
		{14C8F0EB-4173-433B-BCE7-EAC077C97FBA}.Ad-Hoc|ARM.ActiveCfg = Release|ARM
		{14C8F0EB-4173-433B-BCE7-EAC077C97FBA}.Ad-Hoc|ARM.Build.0 = Release|ARM
		{14C8F0EB-4173-433B-BCE7-EAC077C97FBA}.Ad-Hoc|ARM.Deploy.0 = Release|ARM
		{14C8F0EB-4173-433B-BCE7-EAC077C97FBA}.Ad-Hoc|iPhone.ActiveCfg = Release|Any CPU
		{14C8F0EB-4173-433B-BCE7-EAC077C97FBA}.Ad-Hoc|iPhone.Build.0 = Release|Any CPU
		{14C8F0EB-4173-433B-BCE7-EAC077C97FBA}.Ad-Hoc|iPhone.Deploy.0 = Release|Any CPU
		{14C8F0EB-4173-433B-BCE7-EAC077C97FBA}.Ad-Hoc|iPhoneSimulator.ActiveCfg = Release|Any CPU
		{14C8F0EB-4173-433B-BCE7-EAC077C97FBA}.Ad-Hoc|iPhoneSimulator.Build.0 = Release|Any CPU
		{14C8F0EB-4173-433B-BCE7-EAC077C97FBA}.Ad-Hoc|iPhoneSimulator.Deploy.0 = Release|Any CPU
		{14C8F0EB-4173-433B-BCE7-EAC077C97FBA}.Ad-Hoc|x64.ActiveCfg = Release|Any CPU
		{14C8F0EB-4173-433B-BCE7-EAC077C97FBA}.Ad-Hoc|x64.Build.0 = Release|Any CPU
		{14C8F0EB-4173-433B-BCE7-EAC077C97FBA}.Ad-Hoc|x64.Deploy.0 = Release|Any CPU
		{14C8F0EB-4173-433B-BCE7-EAC077C97FBA}.Ad-Hoc|x86.ActiveCfg = Release|x86
		{14C8F0EB-4173-433B-BCE7-EAC077C97FBA}.Ad-Hoc|x86.Build.0 = Release|x86
		{14C8F0EB-4173-433B-BCE7-EAC077C97FBA}.Ad-Hoc|x86.Deploy.0 = Release|x86
		{14C8F0EB-4173-433B-BCE7-EAC077C97FBA}.AppStore|Any CPU.ActiveCfg = Release|Any CPU
		{14C8F0EB-4173-433B-BCE7-EAC077C97FBA}.AppStore|Any CPU.Build.0 = Release|Any CPU
		{14C8F0EB-4173-433B-BCE7-EAC077C97FBA}.AppStore|Any CPU.Deploy.0 = Release|Any CPU
		{14C8F0EB-4173-433B-BCE7-EAC077C97FBA}.AppStore|ARM.ActiveCfg = Release|ARM
		{14C8F0EB-4173-433B-BCE7-EAC077C97FBA}.AppStore|ARM.Build.0 = Release|ARM
		{14C8F0EB-4173-433B-BCE7-EAC077C97FBA}.AppStore|ARM.Deploy.0 = Release|ARM
		{14C8F0EB-4173-433B-BCE7-EAC077C97FBA}.AppStore|iPhone.ActiveCfg = Release|Any CPU
		{14C8F0EB-4173-433B-BCE7-EAC077C97FBA}.AppStore|iPhone.Build.0 = Release|Any CPU
		{14C8F0EB-4173-433B-BCE7-EAC077C97FBA}.AppStore|iPhone.Deploy.0 = Release|Any CPU
		{14C8F0EB-4173-433B-BCE7-EAC077C97FBA}.AppStore|iPhoneSimulator.ActiveCfg = Release|Any CPU
		{14C8F0EB-4173-433B-BCE7-EAC077C97FBA}.AppStore|iPhoneSimulator.Build.0 = Release|Any CPU
		{14C8F0EB-4173-433B-BCE7-EAC077C97FBA}.AppStore|iPhoneSimulator.Deploy.0 = Release|Any CPU
		{14C8F0EB-4173-433B-BCE7-EAC077C97FBA}.AppStore|x64.ActiveCfg = Release|Any CPU
		{14C8F0EB-4173-433B-BCE7-EAC077C97FBA}.AppStore|x64.Build.0 = Release|Any CPU
		{14C8F0EB-4173-433B-BCE7-EAC077C97FBA}.AppStore|x64.Deploy.0 = Release|Any CPU
		{14C8F0EB-4173-433B-BCE7-EAC077C97FBA}.AppStore|x86.ActiveCfg = Release|x86
		{14C8F0EB-4173-433B-BCE7-EAC077C97FBA}.AppStore|x86.Build.0 = Release|x86
		{14C8F0EB-4173-433B-BCE7-EAC077C97FBA}.AppStore|x86.Deploy.0 = Release|x86
		{14C8F0EB-4173-433B-BCE7-EAC077C97FBA}.Debug|Any CPU.ActiveCfg = Debug|Any CPU
		{14C8F0EB-4173-433B-BCE7-EAC077C97FBA}.Debug|Any CPU.Build.0 = Debug|Any CPU
		{14C8F0EB-4173-433B-BCE7-EAC077C97FBA}.Debug|Any CPU.Deploy.0 = Debug|Any CPU
		{14C8F0EB-4173-433B-BCE7-EAC077C97FBA}.Debug|ARM.ActiveCfg = Debug|ARM
		{14C8F0EB-4173-433B-BCE7-EAC077C97FBA}.Debug|ARM.Build.0 = Debug|ARM
		{14C8F0EB-4173-433B-BCE7-EAC077C97FBA}.Debug|ARM.Deploy.0 = Debug|ARM
		{14C8F0EB-4173-433B-BCE7-EAC077C97FBA}.Debug|iPhone.ActiveCfg = Debug|Any CPU
		{14C8F0EB-4173-433B-BCE7-EAC077C97FBA}.Debug|iPhone.Build.0 = Debug|Any CPU
		{14C8F0EB-4173-433B-BCE7-EAC077C97FBA}.Debug|iPhone.Deploy.0 = Debug|Any CPU
		{14C8F0EB-4173-433B-BCE7-EAC077C97FBA}.Debug|iPhoneSimulator.ActiveCfg = Debug|Any CPU
		{14C8F0EB-4173-433B-BCE7-EAC077C97FBA}.Debug|iPhoneSimulator.Build.0 = Debug|Any CPU
		{14C8F0EB-4173-433B-BCE7-EAC077C97FBA}.Debug|iPhoneSimulator.Deploy.0 = Debug|Any CPU
		{14C8F0EB-4173-433B-BCE7-EAC077C97FBA}.Debug|x64.ActiveCfg = Debug|Any CPU
		{14C8F0EB-4173-433B-BCE7-EAC077C97FBA}.Debug|x64.Build.0 = Debug|Any CPU
		{14C8F0EB-4173-433B-BCE7-EAC077C97FBA}.Debug|x64.Deploy.0 = Debug|Any CPU
		{14C8F0EB-4173-433B-BCE7-EAC077C97FBA}.Debug|x86.ActiveCfg = Debug|x86
		{14C8F0EB-4173-433B-BCE7-EAC077C97FBA}.Debug|x86.Build.0 = Debug|x86
		{14C8F0EB-4173-433B-BCE7-EAC077C97FBA}.Debug|x86.Deploy.0 = Debug|x86
		{14C8F0EB-4173-433B-BCE7-EAC077C97FBA}.Release|Any CPU.ActiveCfg = Release|Any CPU
		{14C8F0EB-4173-433B-BCE7-EAC077C97FBA}.Release|Any CPU.Build.0 = Release|Any CPU
		{14C8F0EB-4173-433B-BCE7-EAC077C97FBA}.Release|Any CPU.Deploy.0 = Release|Any CPU
		{14C8F0EB-4173-433B-BCE7-EAC077C97FBA}.Release|ARM.ActiveCfg = Release|ARM
		{14C8F0EB-4173-433B-BCE7-EAC077C97FBA}.Release|ARM.Build.0 = Release|ARM
		{14C8F0EB-4173-433B-BCE7-EAC077C97FBA}.Release|ARM.Deploy.0 = Release|ARM
		{14C8F0EB-4173-433B-BCE7-EAC077C97FBA}.Release|iPhone.ActiveCfg = Release|Any CPU
		{14C8F0EB-4173-433B-BCE7-EAC077C97FBA}.Release|iPhone.Build.0 = Release|Any CPU
		{14C8F0EB-4173-433B-BCE7-EAC077C97FBA}.Release|iPhone.Deploy.0 = Release|Any CPU
		{14C8F0EB-4173-433B-BCE7-EAC077C97FBA}.Release|iPhoneSimulator.ActiveCfg = Release|Any CPU
		{14C8F0EB-4173-433B-BCE7-EAC077C97FBA}.Release|iPhoneSimulator.Build.0 = Release|Any CPU
		{14C8F0EB-4173-433B-BCE7-EAC077C97FBA}.Release|iPhoneSimulator.Deploy.0 = Release|Any CPU
		{14C8F0EB-4173-433B-BCE7-EAC077C97FBA}.Release|x64.ActiveCfg = Release|Any CPU
		{14C8F0EB-4173-433B-BCE7-EAC077C97FBA}.Release|x64.Build.0 = Release|Any CPU
		{14C8F0EB-4173-433B-BCE7-EAC077C97FBA}.Release|x64.Deploy.0 = Release|Any CPU
		{14C8F0EB-4173-433B-BCE7-EAC077C97FBA}.Release|x86.ActiveCfg = Release|x86
		{14C8F0EB-4173-433B-BCE7-EAC077C97FBA}.Release|x86.Build.0 = Release|x86
		{14C8F0EB-4173-433B-BCE7-EAC077C97FBA}.Release|x86.Deploy.0 = Release|x86
		{D78F33BA-C9E2-4CA7-936F-24B9C369C2D0}.Ad-Hoc|Any CPU.ActiveCfg = Release|x86
		{D78F33BA-C9E2-4CA7-936F-24B9C369C2D0}.Ad-Hoc|Any CPU.Build.0 = Release|x86
		{D78F33BA-C9E2-4CA7-936F-24B9C369C2D0}.Ad-Hoc|Any CPU.Deploy.0 = Release|x86
		{D78F33BA-C9E2-4CA7-936F-24B9C369C2D0}.Ad-Hoc|ARM.ActiveCfg = Release|ARM
		{D78F33BA-C9E2-4CA7-936F-24B9C369C2D0}.Ad-Hoc|ARM.Build.0 = Release|ARM
		{D78F33BA-C9E2-4CA7-936F-24B9C369C2D0}.Ad-Hoc|ARM.Deploy.0 = Release|ARM
		{D78F33BA-C9E2-4CA7-936F-24B9C369C2D0}.Ad-Hoc|iPhone.ActiveCfg = Release|x86
		{D78F33BA-C9E2-4CA7-936F-24B9C369C2D0}.Ad-Hoc|iPhone.Build.0 = Release|x86
		{D78F33BA-C9E2-4CA7-936F-24B9C369C2D0}.Ad-Hoc|iPhone.Deploy.0 = Release|x86
		{D78F33BA-C9E2-4CA7-936F-24B9C369C2D0}.Ad-Hoc|iPhoneSimulator.ActiveCfg = Release|x86
		{D78F33BA-C9E2-4CA7-936F-24B9C369C2D0}.Ad-Hoc|iPhoneSimulator.Build.0 = Release|x86
		{D78F33BA-C9E2-4CA7-936F-24B9C369C2D0}.Ad-Hoc|iPhoneSimulator.Deploy.0 = Release|x86
		{D78F33BA-C9E2-4CA7-936F-24B9C369C2D0}.Ad-Hoc|x64.ActiveCfg = Release|x64
		{D78F33BA-C9E2-4CA7-936F-24B9C369C2D0}.Ad-Hoc|x64.Build.0 = Release|x64
		{D78F33BA-C9E2-4CA7-936F-24B9C369C2D0}.Ad-Hoc|x64.Deploy.0 = Release|x64
		{D78F33BA-C9E2-4CA7-936F-24B9C369C2D0}.Ad-Hoc|x86.ActiveCfg = Release|x86
		{D78F33BA-C9E2-4CA7-936F-24B9C369C2D0}.Ad-Hoc|x86.Build.0 = Release|x86
		{D78F33BA-C9E2-4CA7-936F-24B9C369C2D0}.Ad-Hoc|x86.Deploy.0 = Release|x86
		{D78F33BA-C9E2-4CA7-936F-24B9C369C2D0}.AppStore|Any CPU.ActiveCfg = Release|x86
		{D78F33BA-C9E2-4CA7-936F-24B9C369C2D0}.AppStore|Any CPU.Build.0 = Release|x86
		{D78F33BA-C9E2-4CA7-936F-24B9C369C2D0}.AppStore|Any CPU.Deploy.0 = Release|x86
		{D78F33BA-C9E2-4CA7-936F-24B9C369C2D0}.AppStore|ARM.ActiveCfg = Release|ARM
		{D78F33BA-C9E2-4CA7-936F-24B9C369C2D0}.AppStore|ARM.Build.0 = Release|ARM
		{D78F33BA-C9E2-4CA7-936F-24B9C369C2D0}.AppStore|ARM.Deploy.0 = Release|ARM
		{D78F33BA-C9E2-4CA7-936F-24B9C369C2D0}.AppStore|iPhone.ActiveCfg = Release|x86
		{D78F33BA-C9E2-4CA7-936F-24B9C369C2D0}.AppStore|iPhone.Build.0 = Release|x86
		{D78F33BA-C9E2-4CA7-936F-24B9C369C2D0}.AppStore|iPhone.Deploy.0 = Release|x86
		{D78F33BA-C9E2-4CA7-936F-24B9C369C2D0}.AppStore|iPhoneSimulator.ActiveCfg = Release|x86
		{D78F33BA-C9E2-4CA7-936F-24B9C369C2D0}.AppStore|iPhoneSimulator.Build.0 = Release|x86
		{D78F33BA-C9E2-4CA7-936F-24B9C369C2D0}.AppStore|iPhoneSimulator.Deploy.0 = Release|x86
		{D78F33BA-C9E2-4CA7-936F-24B9C369C2D0}.AppStore|x64.ActiveCfg = Release|x64
		{D78F33BA-C9E2-4CA7-936F-24B9C369C2D0}.AppStore|x64.Build.0 = Release|x64
		{D78F33BA-C9E2-4CA7-936F-24B9C369C2D0}.AppStore|x64.Deploy.0 = Release|x64
		{D78F33BA-C9E2-4CA7-936F-24B9C369C2D0}.AppStore|x86.ActiveCfg = Release|x86
		{D78F33BA-C9E2-4CA7-936F-24B9C369C2D0}.AppStore|x86.Build.0 = Release|x86
		{D78F33BA-C9E2-4CA7-936F-24B9C369C2D0}.AppStore|x86.Deploy.0 = Release|x86
		{D78F33BA-C9E2-4CA7-936F-24B9C369C2D0}.Debug|Any CPU.ActiveCfg = Debug|x86
		{D78F33BA-C9E2-4CA7-936F-24B9C369C2D0}.Debug|ARM.ActiveCfg = Debug|ARM
		{D78F33BA-C9E2-4CA7-936F-24B9C369C2D0}.Debug|ARM.Build.0 = Debug|ARM
		{D78F33BA-C9E2-4CA7-936F-24B9C369C2D0}.Debug|ARM.Deploy.0 = Debug|ARM
		{D78F33BA-C9E2-4CA7-936F-24B9C369C2D0}.Debug|iPhone.ActiveCfg = Debug|x86
		{D78F33BA-C9E2-4CA7-936F-24B9C369C2D0}.Debug|iPhoneSimulator.ActiveCfg = Debug|x86
		{D78F33BA-C9E2-4CA7-936F-24B9C369C2D0}.Debug|x64.ActiveCfg = Debug|x64
		{D78F33BA-C9E2-4CA7-936F-24B9C369C2D0}.Debug|x64.Build.0 = Debug|x64
		{D78F33BA-C9E2-4CA7-936F-24B9C369C2D0}.Debug|x64.Deploy.0 = Debug|x64
		{D78F33BA-C9E2-4CA7-936F-24B9C369C2D0}.Debug|x86.ActiveCfg = Debug|x86
		{D78F33BA-C9E2-4CA7-936F-24B9C369C2D0}.Debug|x86.Build.0 = Debug|x86
		{D78F33BA-C9E2-4CA7-936F-24B9C369C2D0}.Debug|x86.Deploy.0 = Debug|x86
		{D78F33BA-C9E2-4CA7-936F-24B9C369C2D0}.Release|Any CPU.ActiveCfg = Release|x86
		{D78F33BA-C9E2-4CA7-936F-24B9C369C2D0}.Release|ARM.ActiveCfg = Release|ARM
		{D78F33BA-C9E2-4CA7-936F-24B9C369C2D0}.Release|ARM.Build.0 = Release|ARM
		{D78F33BA-C9E2-4CA7-936F-24B9C369C2D0}.Release|ARM.Deploy.0 = Release|ARM
		{D78F33BA-C9E2-4CA7-936F-24B9C369C2D0}.Release|iPhone.ActiveCfg = Release|x86
		{D78F33BA-C9E2-4CA7-936F-24B9C369C2D0}.Release|iPhoneSimulator.ActiveCfg = Release|x86
		{D78F33BA-C9E2-4CA7-936F-24B9C369C2D0}.Release|x64.ActiveCfg = Release|x64
		{D78F33BA-C9E2-4CA7-936F-24B9C369C2D0}.Release|x64.Build.0 = Release|x64
		{D78F33BA-C9E2-4CA7-936F-24B9C369C2D0}.Release|x64.Deploy.0 = Release|x64
		{D78F33BA-C9E2-4CA7-936F-24B9C369C2D0}.Release|x86.ActiveCfg = Release|x86
		{D78F33BA-C9E2-4CA7-936F-24B9C369C2D0}.Release|x86.Build.0 = Release|x86
		{D78F33BA-C9E2-4CA7-936F-24B9C369C2D0}.Release|x86.Deploy.0 = Release|x86
		{1093A702-C6CD-4E83-9E34-7301E20C860C}.Ad-Hoc|Any CPU.ActiveCfg = Release|Any CPU
		{1093A702-C6CD-4E83-9E34-7301E20C860C}.Ad-Hoc|Any CPU.Build.0 = Release|Any CPU
		{1093A702-C6CD-4E83-9E34-7301E20C860C}.Ad-Hoc|Any CPU.Deploy.0 = Release|Any CPU
		{1093A702-C6CD-4E83-9E34-7301E20C860C}.Ad-Hoc|ARM.ActiveCfg = Release|ARM
		{1093A702-C6CD-4E83-9E34-7301E20C860C}.Ad-Hoc|ARM.Build.0 = Release|ARM
		{1093A702-C6CD-4E83-9E34-7301E20C860C}.Ad-Hoc|ARM.Deploy.0 = Release|ARM
		{1093A702-C6CD-4E83-9E34-7301E20C860C}.Ad-Hoc|iPhone.ActiveCfg = Release|Any CPU
		{1093A702-C6CD-4E83-9E34-7301E20C860C}.Ad-Hoc|iPhone.Build.0 = Release|Any CPU
		{1093A702-C6CD-4E83-9E34-7301E20C860C}.Ad-Hoc|iPhone.Deploy.0 = Release|Any CPU
		{1093A702-C6CD-4E83-9E34-7301E20C860C}.Ad-Hoc|iPhoneSimulator.ActiveCfg = Release|Any CPU
		{1093A702-C6CD-4E83-9E34-7301E20C860C}.Ad-Hoc|iPhoneSimulator.Build.0 = Release|Any CPU
		{1093A702-C6CD-4E83-9E34-7301E20C860C}.Ad-Hoc|iPhoneSimulator.Deploy.0 = Release|Any CPU
		{1093A702-C6CD-4E83-9E34-7301E20C860C}.Ad-Hoc|x64.ActiveCfg = Release|x64
		{1093A702-C6CD-4E83-9E34-7301E20C860C}.Ad-Hoc|x64.Build.0 = Release|x64
		{1093A702-C6CD-4E83-9E34-7301E20C860C}.Ad-Hoc|x64.Deploy.0 = Release|x64
		{1093A702-C6CD-4E83-9E34-7301E20C860C}.Ad-Hoc|x86.ActiveCfg = Release|x86
		{1093A702-C6CD-4E83-9E34-7301E20C860C}.Ad-Hoc|x86.Build.0 = Release|x86
		{1093A702-C6CD-4E83-9E34-7301E20C860C}.Ad-Hoc|x86.Deploy.0 = Release|x86
		{1093A702-C6CD-4E83-9E34-7301E20C860C}.AppStore|Any CPU.ActiveCfg = Release|Any CPU
		{1093A702-C6CD-4E83-9E34-7301E20C860C}.AppStore|Any CPU.Build.0 = Release|Any CPU
		{1093A702-C6CD-4E83-9E34-7301E20C860C}.AppStore|Any CPU.Deploy.0 = Release|Any CPU
		{1093A702-C6CD-4E83-9E34-7301E20C860C}.AppStore|ARM.ActiveCfg = Release|ARM
		{1093A702-C6CD-4E83-9E34-7301E20C860C}.AppStore|ARM.Build.0 = Release|ARM
		{1093A702-C6CD-4E83-9E34-7301E20C860C}.AppStore|ARM.Deploy.0 = Release|ARM
		{1093A702-C6CD-4E83-9E34-7301E20C860C}.AppStore|iPhone.ActiveCfg = Release|Any CPU
		{1093A702-C6CD-4E83-9E34-7301E20C860C}.AppStore|iPhone.Build.0 = Release|Any CPU
		{1093A702-C6CD-4E83-9E34-7301E20C860C}.AppStore|iPhone.Deploy.0 = Release|Any CPU
		{1093A702-C6CD-4E83-9E34-7301E20C860C}.AppStore|iPhoneSimulator.ActiveCfg = Release|Any CPU
		{1093A702-C6CD-4E83-9E34-7301E20C860C}.AppStore|iPhoneSimulator.Build.0 = Release|Any CPU
		{1093A702-C6CD-4E83-9E34-7301E20C860C}.AppStore|iPhoneSimulator.Deploy.0 = Release|Any CPU
		{1093A702-C6CD-4E83-9E34-7301E20C860C}.AppStore|x64.ActiveCfg = Release|x64
		{1093A702-C6CD-4E83-9E34-7301E20C860C}.AppStore|x64.Build.0 = Release|x64
		{1093A702-C6CD-4E83-9E34-7301E20C860C}.AppStore|x64.Deploy.0 = Release|x64
		{1093A702-C6CD-4E83-9E34-7301E20C860C}.AppStore|x86.ActiveCfg = Release|x86
		{1093A702-C6CD-4E83-9E34-7301E20C860C}.AppStore|x86.Build.0 = Release|x86
		{1093A702-C6CD-4E83-9E34-7301E20C860C}.AppStore|x86.Deploy.0 = Release|x86
		{1093A702-C6CD-4E83-9E34-7301E20C860C}.Debug|Any CPU.ActiveCfg = Debug|Any CPU
		{1093A702-C6CD-4E83-9E34-7301E20C860C}.Debug|Any CPU.Build.0 = Debug|Any CPU
		{1093A702-C6CD-4E83-9E34-7301E20C860C}.Debug|Any CPU.Deploy.0 = Debug|Any CPU
		{1093A702-C6CD-4E83-9E34-7301E20C860C}.Debug|ARM.ActiveCfg = Debug|ARM
		{1093A702-C6CD-4E83-9E34-7301E20C860C}.Debug|ARM.Build.0 = Debug|ARM
		{1093A702-C6CD-4E83-9E34-7301E20C860C}.Debug|ARM.Deploy.0 = Debug|ARM
		{1093A702-C6CD-4E83-9E34-7301E20C860C}.Debug|iPhone.ActiveCfg = Debug|Any CPU
		{1093A702-C6CD-4E83-9E34-7301E20C860C}.Debug|iPhone.Build.0 = Debug|Any CPU
		{1093A702-C6CD-4E83-9E34-7301E20C860C}.Debug|iPhone.Deploy.0 = Debug|Any CPU
		{1093A702-C6CD-4E83-9E34-7301E20C860C}.Debug|iPhoneSimulator.ActiveCfg = Debug|Any CPU
		{1093A702-C6CD-4E83-9E34-7301E20C860C}.Debug|iPhoneSimulator.Build.0 = Debug|Any CPU
		{1093A702-C6CD-4E83-9E34-7301E20C860C}.Debug|iPhoneSimulator.Deploy.0 = Debug|Any CPU
		{1093A702-C6CD-4E83-9E34-7301E20C860C}.Debug|x64.ActiveCfg = Debug|x64
		{1093A702-C6CD-4E83-9E34-7301E20C860C}.Debug|x64.Build.0 = Debug|x64
		{1093A702-C6CD-4E83-9E34-7301E20C860C}.Debug|x64.Deploy.0 = Debug|x64
		{1093A702-C6CD-4E83-9E34-7301E20C860C}.Debug|x86.ActiveCfg = Debug|x86
		{1093A702-C6CD-4E83-9E34-7301E20C860C}.Debug|x86.Build.0 = Debug|x86
		{1093A702-C6CD-4E83-9E34-7301E20C860C}.Debug|x86.Deploy.0 = Debug|x86
		{1093A702-C6CD-4E83-9E34-7301E20C860C}.Release|Any CPU.ActiveCfg = Release|Any CPU
		{1093A702-C6CD-4E83-9E34-7301E20C860C}.Release|Any CPU.Build.0 = Release|Any CPU
		{1093A702-C6CD-4E83-9E34-7301E20C860C}.Release|Any CPU.Deploy.0 = Release|Any CPU
		{1093A702-C6CD-4E83-9E34-7301E20C860C}.Release|ARM.ActiveCfg = Release|ARM
		{1093A702-C6CD-4E83-9E34-7301E20C860C}.Release|ARM.Build.0 = Release|ARM
		{1093A702-C6CD-4E83-9E34-7301E20C860C}.Release|ARM.Deploy.0 = Release|ARM
		{1093A702-C6CD-4E83-9E34-7301E20C860C}.Release|iPhone.ActiveCfg = Release|Any CPU
		{1093A702-C6CD-4E83-9E34-7301E20C860C}.Release|iPhone.Build.0 = Release|Any CPU
		{1093A702-C6CD-4E83-9E34-7301E20C860C}.Release|iPhone.Deploy.0 = Release|Any CPU
		{1093A702-C6CD-4E83-9E34-7301E20C860C}.Release|iPhoneSimulator.ActiveCfg = Release|Any CPU
		{1093A702-C6CD-4E83-9E34-7301E20C860C}.Release|iPhoneSimulator.Build.0 = Release|Any CPU
		{1093A702-C6CD-4E83-9E34-7301E20C860C}.Release|iPhoneSimulator.Deploy.0 = Release|Any CPU
		{1093A702-C6CD-4E83-9E34-7301E20C860C}.Release|x64.ActiveCfg = Release|x64
		{1093A702-C6CD-4E83-9E34-7301E20C860C}.Release|x64.Build.0 = Release|x64
		{1093A702-C6CD-4E83-9E34-7301E20C860C}.Release|x64.Deploy.0 = Release|x64
		{1093A702-C6CD-4E83-9E34-7301E20C860C}.Release|x86.ActiveCfg = Release|x86
		{1093A702-C6CD-4E83-9E34-7301E20C860C}.Release|x86.Build.0 = Release|x86
		{1093A702-C6CD-4E83-9E34-7301E20C860C}.Release|x86.Deploy.0 = Release|x86
	EndGlobalSection
	GlobalSection(SolutionProperties) = preSolution
		HideSolutionNode = FALSE
	EndGlobalSection
EndGlobal
